{
  "version": 4,
  "terraform_version": "1.6.0",
  "serial": 2,
  "lineage": "2da2c5a8-c053-931e-3b98-d78b3e2aca95",
  "outputs": {
    "bucket_arn": {
      "value": "arn:aws:s3:::pandugadu-bucket",
      "type": "string"
    },
    "bucket_id": {
      "value": "pandugadu-bucket",
      "type": "string"
    }
  },
  "resources": [
    {
      "module": "module.mys3",
      "mode": "managed",
      "type": "aws_s3_bucket",
      "name": "example",
      "provider": "module.mys3.provider[\"registry.terraform.io/hashicorp/aws\"]",
      "instances": [
        {
          "schema_version": 0,
          "attributes": {
            "acceleration_status": "",
            "acl": null,
            "arn": "arn:aws:s3:::pandugadu-bucket",
            "bucket": "pandugadu-bucket",
            "bucket_domain_name": "pandugadu-bucket.s3.amazonaws.com",
            "bucket_prefix": "",
            "bucket_regional_domain_name": "pandugadu-bucket.s3.ap-south-1.amazonaws.com",
            "cors_rule": [],
            "force_destroy": false,
            "grant": [
              {
                "id": "bddf243cab260ddcb4e5fb2b46b3530b719c8d4c6f95cff13d9e9571bca9aa80",
                "permissions": [
                  "FULL_CONTROL"
                ],
                "type": "CanonicalUser",
                "uri": ""
              }
            ],
            "hosted_zone_id": "Z11RGJOFQNVJUP",
            "id": "pandugadu-bucket",
            "lifecycle_rule": [],
            "logging": [],
            "object_lock_configuration": [],
            "object_lock_enabled": false,
            "policy": "",
            "region": "ap-south-1",
            "replication_configuration": [],
            "request_payer": "BucketOwner",
            "server_side_encryption_configuration": [
              {
                "rule": [
                  {
                    "apply_server_side_encryption_by_default": [
                      {
                        "kms_master_key_id": "",
                        "sse_algorithm": "AES256"
                      }
                    ],
                    "bucket_key_enabled": false
                  }
                ]
              }
            ],
            "tags": {
              "Environment": "dev",
              "Name": "pandugadu-bucket"
            },
            "tags_all": {
              "Environment": "dev",
              "Name": "pandugadu-bucket"
            },
            "timeouts": null,
            "versioning": [
              {
                "enabled": false,
                "mfa_delete": false
              }
            ],
            "website": [],
            "website_domain": null,
            "website_endpoint": null
          },
          "sensitive_attributes": [],
          "private": "eyJlMmJmYjczMC1lY2FhLTExZTYtOGY4OC0zNDM2M2JjN2M0YzAiOnsiY3JlYXRlIjoxMjAwMDAwMDAwMDAwLCJkZWxldGUiOjM2MDAwMDAwMDAwMDAsInJlYWQiOjEyMDAwMDAwMDAwMDAsInVwZGF0ZSI6MTIwMDAwMDAwMDAwMH19"
        }
      ]
    }
  ],
  "check_results": null
}
